{
  "name": "@gym/backend",
  "version": "1.0.0",
  "lockfileVersion": 1,
  "requires": true,
  "dependencies": {
    "debug": {
      "version": "4.3.1",
      "resolved": "https://registry.npmjs.org/debug/-/debug-4.3.1.tgz",
      "integrity": "sha512-doEwdvm4PCeK4K3RQN2ZC2BYUBaxwLARCqZmMjtF8a51J2Rb0xpVloFRnCODwqjpwnAoao4pelN8l3RJdv3gRQ==",
      "requires": {
        "ms": "2.1.2"
      }
    },
    "home-assistant-js-websocket": {
      "version": "5.10.0",
      "resolved": "https://registry.npmjs.org/home-assistant-js-websocket/-/home-assistant-js-websocket-5.10.0.tgz",
      "integrity": "sha512-QiK26d62wuQCuaXHRZ90yvaMXeHkYbQrSGQvCrF6hqxdibLXEwSXQM2uzWYUgP25Q3iKy3PLQspMBRnuBKczbQ=="
    },
    "m3u8stream": {
      "version": "0.8.4",
      "resolved": "https://registry.npmjs.org/m3u8stream/-/m3u8stream-0.8.4.tgz",
      "integrity": "sha512-sco80Db+30RvcaIOndenX6E6oQNgTiBKeJbFPc+yDXwPQIkryfboEbCvXPlBRq3mQTCVPQO93TDVlfRwqpD35w==",
      "requires": {
        "miniget": "^4.0.0",
        "sax": "^1.2.4"
      }
    },
    "miniget": {
      "version": "4.2.1",
      "resolved": "https://registry.npmjs.org/miniget/-/miniget-4.2.1.tgz",
      "integrity": "sha512-O/DduzDR6f+oDtVype9S/Qu5hhnx73EDYGyZKwU/qN82lehFZdfhoa4DT51SpsO+8epYrB3gcRmws56ROfTIoQ=="
    },
    "ms": {
      "version": "2.1.2",
      "resolved": "https://registry.npmjs.org/ms/-/ms-2.1.2.tgz",
      "integrity": "sha512-sGkPx+VjMtmA6MX27oA4FBFELFCZZ4S4XqeGOXCv68tT+jb3vk/RyaKWP0PTKyWtmLSM0b+adUTEvbs1PEaH2w=="
    },
    "netgear": {
      "version": "4.3.2",
      "resolved": "https://registry.npmjs.org/netgear/-/netgear-4.3.2.tgz",
      "integrity": "sha512-nXDqiFdpGr4Xy1JqNWkfYrzLve1JmA1VN7BZn242qCCHC+KHUhSvwlwkO+G/GpGg7uv3NNdfidDXRN7I1T0ETg==",
      "requires": {
        "smart-request-balancer": "^2.1.1",
        "xml-js": "^1.6.11"
      }
    },
    "sax": {
      "version": "1.2.4",
      "resolved": "https://registry.npmjs.org/sax/-/sax-1.2.4.tgz",
      "integrity": "sha512-NqVDv9TpANUjFm0N8uM5GxL36UgKi9/atZw+x7YFnQ8ckwFGKrl4xX4yWtrey3UJm5nP1kUbnYgLopqWNSRhWw=="
    },
    "smart-request-balancer": {
      "version": "2.1.1",
      "resolved": "https://registry.npmjs.org/smart-request-balancer/-/smart-request-balancer-2.1.1.tgz",
      "integrity": "sha512-4AnMhV4amviBUGKeACOricuj4dhihf2P9Z/s3+cvZ3kjFxUwEV74JL9JTdK3/7Im84cC3J9ANeg+sUjSv0buxQ==",
      "requires": {
        "debug": "^4.1.1",
        "uuid": "^3.3.2"
      }
    },
    "uuid": {
      "version": "3.4.0",
      "resolved": "https://registry.npmjs.org/uuid/-/uuid-3.4.0.tgz",
      "integrity": "sha512-HjSDRw6gZE5JMggctHBcjVak08+KEVhSIiDzFnT9S9aegmp85S/bReBVTb4QTFaRNptJ9kuYaNhnbNEOkbKb/A=="
    },
    "ws": {
      "version": "7.5.0",
      "resolved": "https://registry.npmjs.org/ws/-/ws-7.5.0.tgz",
      "integrity": "sha512-6ezXvzOZupqKj4jUqbQ9tXuJNo+BR2gU8fFRk3XCP3e0G6WT414u5ELe6Y0vtp7kmSJ3F7YWObSNr1ESsgi4vw=="
    },
    "xml-js": {
      "version": "1.6.11",
      "resolved": "https://registry.npmjs.org/xml-js/-/xml-js-1.6.11.tgz",
      "integrity": "sha512-7rVi2KMfwfWFl+GpPg6m80IVMWXLRjO+PxTq7V2CDhoGak0wzYzFgUY2m4XJ47OGdXd8eLE8EmwfAmdjw7lC1g==",
      "requires": {
        "sax": "^1.2.4"
      }
    },
    "ytdl-core": {
      "version": "git://github.com/fent/node-ytdl-core.git#d1f535712410eebd79a7468abd07d94f8c4ebe5a",
      "from": "git://github.com/fent/node-ytdl-core.git#d1f535712410eebd79a7468abd07d94f8c4ebe5a",
      "requires": {
        "m3u8stream": "^0.8.3",
        "miniget": "^4.0.0",
        "sax": "^1.1.3"
      }
    }
  }
}
